// !$*UTF8*$!
{
	archiveVersion = 1;
	classes = {
	};
	objectVersion = 55;
	objects = {

/* Begin PBXBuildFile section */
		EC35E1DA27DEB0FC005AF018 /* NotificationView.swift in Sources */ = {isa = PBXBuildFile; fileRef = EC35E1D927DEB0FC005AF018 /* NotificationView.swift */; };
		EC35E1DC27DEB663005AF018 /* NotificationBannerViewModifier.swift in Sources */ = {isa = PBXBuildFile; fileRef = EC35E1DB27DEB663005AF018 /* NotificationBannerViewModifier.swift */; };
		EC39651F27D9AEBC00CF1D1D /* ImagePicker.swift in Sources */ = {isa = PBXBuildFile; fileRef = EC39651E27D9AEBC00CF1D1D /* ImagePicker.swift */; };
		EC39652F27D9B82C00CF1D1D /* Kingfisher in Frameworks */ = {isa = PBXBuildFile; productRef = EC39652E27D9B82C00CF1D1D /* Kingfisher */; };
		EC39653127D9B8D900CF1D1D /* GoogleService-Info.plist in Resources */ = {isa = PBXBuildFile; fileRef = EC39653027D9B8D900CF1D1D /* GoogleService-Info.plist */; };
		EC39653327D9BB0100CF1D1D /* AuthViewModel.swift in Sources */ = {isa = PBXBuildFile; fileRef = EC39653227D9BB0100CF1D1D /* AuthViewModel.swift */; };
		EC39653727D9BB9D00CF1D1D /* ResetPasswordView.swift in Sources */ = {isa = PBXBuildFile; fileRef = EC39653427D9BB9D00CF1D1D /* ResetPasswordView.swift */; };
		EC39653827D9BB9D00CF1D1D /* LoginView.swift in Sources */ = {isa = PBXBuildFile; fileRef = EC39653527D9BB9D00CF1D1D /* LoginView.swift */; };
		EC39653927D9BB9D00CF1D1D /* RegistrationView.swift in Sources */ = {isa = PBXBuildFile; fileRef = EC39653627D9BB9D00CF1D1D /* RegistrationView.swift */; };
		EC39653F27D9BD9B00CF1D1D /* CustomTextField.swift in Sources */ = {isa = PBXBuildFile; fileRef = EC39653A27D9BD9A00CF1D1D /* CustomTextField.swift */; };
		EC39654027D9BD9B00CF1D1D /* CustomSecureField.swift in Sources */ = {isa = PBXBuildFile; fileRef = EC39653B27D9BD9B00CF1D1D /* CustomSecureField.swift */; };
		EC39654127D9BD9B00CF1D1D /* Constants.swift in Sources */ = {isa = PBXBuildFile; fileRef = EC39653C27D9BD9B00CF1D1D /* Constants.swift */; };
		EC39654227D9BD9B00CF1D1D /* LazyView.swift in Sources */ = {isa = PBXBuildFile; fileRef = EC39653D27D9BD9B00CF1D1D /* LazyView.swift */; };
		EC39654327D9BD9B00CF1D1D /* TextArea.swift in Sources */ = {isa = PBXBuildFile; fileRef = EC39653E27D9BD9B00CF1D1D /* TextArea.swift */; };
		EC39654527D9C3FF00CF1D1D /* ImageUploader.swift in Sources */ = {isa = PBXBuildFile; fileRef = EC39654427D9C3FF00CF1D1D /* ImageUploader.swift */; };
		EC39654727D9D9E200CF1D1D /* User.swift in Sources */ = {isa = PBXBuildFile; fileRef = EC39654627D9D9E200CF1D1D /* User.swift */; };
		EC39654A27D9DB2800CF1D1D /* FirebaseAnalytics in Frameworks */ = {isa = PBXBuildFile; productRef = EC39654927D9DB2800CF1D1D /* FirebaseAnalytics */; };
		EC39654C27D9DB2800CF1D1D /* FirebaseAuth in Frameworks */ = {isa = PBXBuildFile; productRef = EC39654B27D9DB2800CF1D1D /* FirebaseAuth */; };
		EC39654E27D9DB2800CF1D1D /* FirebaseCrashlytics in Frameworks */ = {isa = PBXBuildFile; productRef = EC39654D27D9DB2800CF1D1D /* FirebaseCrashlytics */; };
		EC39655027D9DB2800CF1D1D /* FirebaseFirestore in Frameworks */ = {isa = PBXBuildFile; productRef = EC39654F27D9DB2800CF1D1D /* FirebaseFirestore */; };
		EC39655227D9DB2800CF1D1D /* FirebaseFirestoreSwift-Beta in Frameworks */ = {isa = PBXBuildFile; productRef = EC39655127D9DB2800CF1D1D /* FirebaseFirestoreSwift-Beta */; };
		EC39655427D9DB2800CF1D1D /* FirebaseFunctions in Frameworks */ = {isa = PBXBuildFile; productRef = EC39655327D9DB2800CF1D1D /* FirebaseFunctions */; };
		EC39655627D9DB2800CF1D1D /* FirebaseMessaging in Frameworks */ = {isa = PBXBuildFile; productRef = EC39655527D9DB2800CF1D1D /* FirebaseMessaging */; };
		EC39655827D9DB2800CF1D1D /* FirebaseStorage in Frameworks */ = {isa = PBXBuildFile; productRef = EC39655727D9DB2800CF1D1D /* FirebaseStorage */; };
		EC6AE2B127D9974600734783 /* SearchBar.swift in Sources */ = {isa = PBXBuildFile; fileRef = EC6AE2B027D9974600734783 /* SearchBar.swift */; };
		EC6AE2B327D9987C00734783 /* PostGridView.swift in Sources */ = {isa = PBXBuildFile; fileRef = EC6AE2B227D9987C00734783 /* PostGridView.swift */; };
		EC6AE2B527D999BC00734783 /* UserCell.swift in Sources */ = {isa = PBXBuildFile; fileRef = EC6AE2B427D999BC00734783 /* UserCell.swift */; };
		EC6AE2B727D999C500734783 /* UserListView.swift in Sources */ = {isa = PBXBuildFile; fileRef = EC6AE2B627D999C500734783 /* UserListView.swift */; };
		EC6AE2B927D99F6000734783 /* Extensions.swift in Sources */ = {isa = PBXBuildFile; fileRef = EC6AE2B827D99F6000734783 /* Extensions.swift */; };
		EC6AE2BB27D9A11A00734783 /* NotificationCell.swift in Sources */ = {isa = PBXBuildFile; fileRef = EC6AE2BA27D9A11A00734783 /* NotificationCell.swift */; };
		EC6AE2BD27D9A34B00734783 /* ProfileHeaderView.swift in Sources */ = {isa = PBXBuildFile; fileRef = EC6AE2BC27D9A34B00734783 /* ProfileHeaderView.swift */; };
		EC6B47AD27D9A769001B0BE0 /* UserStatView.swift in Sources */ = {isa = PBXBuildFile; fileRef = EC6B47AC27D9A769001B0BE0 /* UserStatView.swift */; };
		EC6B47AF27D9A86A001B0BE0 /* ProfileActionButtonView.swift in Sources */ = {isa = PBXBuildFile; fileRef = EC6B47AE27D9A86A001B0BE0 /* ProfileActionButtonView.swift */; };
		ECB981BA27DC0B670077BCB7 /* EditProfileView.swift in Sources */ = {isa = PBXBuildFile; fileRef = ECB981B927DC0B670077BCB7 /* EditProfileView.swift */; };
		ECB981BC27DC211A0077BCB7 /* EditProfileViewModel.swift in Sources */ = {isa = PBXBuildFile; fileRef = ECB981BB27DC211A0077BCB7 /* EditProfileViewModel.swift */; };
		ECB981C427DC5A250077BCB7 /* GoogleSignIn in Frameworks */ = {isa = PBXBuildFile; productRef = ECB981C327DC5A250077BCB7 /* GoogleSignIn */; };
		ECB981C627DC744A0077BCB7 /* EmailLoginView.swift in Sources */ = {isa = PBXBuildFile; fileRef = ECB981C527DC744A0077BCB7 /* EmailLoginView.swift */; };
		ECB981CB27DC835C0077BCB7 /* FeedCellDetail.swift in Sources */ = {isa = PBXBuildFile; fileRef = ECB981CA27DC835C0077BCB7 /* FeedCellDetail.swift */; };
		ECD2C95927D973400083612E /* MiniInstagramApp.swift in Sources */ = {isa = PBXBuildFile; fileRef = ECD2C95827D973400083612E /* MiniInstagramApp.swift */; };
		ECD2C95D27D973420083612E /* Assets.xcassets in Resources */ = {isa = PBXBuildFile; fileRef = ECD2C95C27D973420083612E /* Assets.xcassets */; };
		ECD2C96027D973420083612E /* Preview Assets.xcassets in Resources */ = {isa = PBXBuildFile; fileRef = ECD2C95F27D973420083612E /* Preview Assets.xcassets */; };
		ECD2C96D27D973FC0083612E /* ContentView.swift in Sources */ = {isa = PBXBuildFile; fileRef = ECD2C96C27D973FC0083612E /* ContentView.swift */; };
		ECD2C97B27D975E30083612E /* MainTabView.swift in Sources */ = {isa = PBXBuildFile; fileRef = ECD2C97A27D975E30083612E /* MainTabView.swift */; };
		ECD2C97D27D975F80083612E /* FeedView.swift in Sources */ = {isa = PBXBuildFile; fileRef = ECD2C97C27D975F80083612E /* FeedView.swift */; };
		ECD2C97F27D976150083612E /* SearchView.swift in Sources */ = {isa = PBXBuildFile; fileRef = ECD2C97E27D976150083612E /* SearchView.swift */; };
		ECD2C98127D9761E0083612E /* NotificationsView.swift in Sources */ = {isa = PBXBuildFile; fileRef = ECD2C98027D9761E0083612E /* NotificationsView.swift */; };
		ECD2C98327D976250083612E /* ProfileView.swift in Sources */ = {isa = PBXBuildFile; fileRef = ECD2C98227D976250083612E /* ProfileView.swift */; };
		ECD2C98527D9762C0083612E /* UploadPostView.swift in Sources */ = {isa = PBXBuildFile; fileRef = ECD2C98427D9762C0083612E /* UploadPostView.swift */; };
		ECD2C98727D978460083612E /* FeedCell.swift in Sources */ = {isa = PBXBuildFile; fileRef = ECD2C98627D978460083612E /* FeedCell.swift */; };
		ECD3623B27DA64D000C89A4D /* SearchViewModel.swift in Sources */ = {isa = PBXBuildFile; fileRef = ECD3623A27DA64D000C89A4D /* SearchViewModel.swift */; };
		ECD3623D27DAA4F700C89A4D /* ProfileViewModel.swift in Sources */ = {isa = PBXBuildFile; fileRef = ECD3623C27DAA4F700C89A4D /* ProfileViewModel.swift */; };
		ECD3623F27DAC73900C89A4D /* UserService.swift in Sources */ = {isa = PBXBuildFile; fileRef = ECD3623E27DAC73900C89A4D /* UserService.swift */; };
		ECD3624127DAEA7E00C89A4D /* UploadPostViewModel.swift in Sources */ = {isa = PBXBuildFile; fileRef = ECD3624027DAEA7E00C89A4D /* UploadPostViewModel.swift */; };
		ECD3624327DAFDEA00C89A4D /* Post.swift in Sources */ = {isa = PBXBuildFile; fileRef = ECD3624227DAFDEA00C89A4D /* Post.swift */; };
		ECD3624527DAFED900C89A4D /* FeedViewModel.swift in Sources */ = {isa = PBXBuildFile; fileRef = ECD3624427DAFED900C89A4D /* FeedViewModel.swift */; };
		ECD3624727DB030D00C89A4D /* PostGridViewModel.swift in Sources */ = {isa = PBXBuildFile; fileRef = ECD3624627DB030D00C89A4D /* PostGridViewModel.swift */; };
		ECD3624927DB103900C89A4D /* FeedCellViewModel.swift in Sources */ = {isa = PBXBuildFile; fileRef = ECD3624827DB103900C89A4D /* FeedCellViewModel.swift */; };
		ECD3624B27DB20EE00C89A4D /* Comment.swift in Sources */ = {isa = PBXBuildFile; fileRef = ECD3624A27DB20EE00C89A4D /* Comment.swift */; };
		ECD3624D27DB210C00C89A4D /* CommentsView.swift in Sources */ = {isa = PBXBuildFile; fileRef = ECD3624C27DB210C00C89A4D /* CommentsView.swift */; };
		ECD3624F27DB211F00C89A4D /* CommentCell.swift in Sources */ = {isa = PBXBuildFile; fileRef = ECD3624E27DB211F00C89A4D /* CommentCell.swift */; };
		ECD3625127DB213A00C89A4D /* CommentViewModel.swift in Sources */ = {isa = PBXBuildFile; fileRef = ECD3625027DB213A00C89A4D /* CommentViewModel.swift */; };
		ECD3625327DB242700C89A4D /* CustomInputView.swift in Sources */ = {isa = PBXBuildFile; fileRef = ECD3625227DB242700C89A4D /* CustomInputView.swift */; };
		ECD3625527DB312C00C89A4D /* Notification.swift in Sources */ = {isa = PBXBuildFile; fileRef = ECD3625427DB312C00C89A4D /* Notification.swift */; };
		ECD3625727DB32AF00C89A4D /* NotificationsViewModel.swift in Sources */ = {isa = PBXBuildFile; fileRef = ECD3625627DB32AF00C89A4D /* NotificationsViewModel.swift */; };
		ECD3625927DB3B2000C89A4D /* NotificationCellViewModel.swift in Sources */ = {isa = PBXBuildFile; fileRef = ECD3625827DB3B2000C89A4D /* NotificationCellViewModel.swift */; };
		ECDEE24E27E15D95003A497B /* LoadingView.swift in Sources */ = {isa = PBXBuildFile; fileRef = ECDEE24D27E15D94003A497B /* LoadingView.swift */; };
		ECDEE25027E2F92F003A497B /* BackButtonView.swift in Sources */ = {isa = PBXBuildFile; fileRef = ECDEE24F27E2F92F003A497B /* BackButtonView.swift */; };
		ECDEE25227E3045D003A497B /* FollowNotificationCell.swift in Sources */ = {isa = PBXBuildFile; fileRef = ECDEE25127E3045D003A497B /* FollowNotificationCell.swift */; };
		ECDEE25427E30B8F003A497B /* ShopView.swift in Sources */ = {isa = PBXBuildFile; fileRef = ECDEE25327E30B8F003A497B /* ShopView.swift */; };
		ECDEE25727E30EA5003A497B /* SettingsView.swift in Sources */ = {isa = PBXBuildFile; fileRef = ECDEE25627E30EA5003A497B /* SettingsView.swift */; };
		ECDEE25927E313E3003A497B /* NavigationBarModifier.swift in Sources */ = {isa = PBXBuildFile; fileRef = ECDEE25827E313E3003A497B /* NavigationBarModifier.swift */; };
		ECDEE25D27E316FF003A497B /* ReelsView.swift in Sources */ = {isa = PBXBuildFile; fileRef = ECDEE25C27E316FF003A497B /* ReelsView.swift */; };
		ECEBCD4327DD73CA001F4796 /* BottomCardView.swift in Sources */ = {isa = PBXBuildFile; fileRef = ECEBCD4227DD73CA001F4796 /* BottomCardView.swift */; };
		ECEBCD4527DD9560001F4796 /* DeleteModifier.swift in Sources */ = {isa = PBXBuildFile; fileRef = ECEBCD4427DD9560001F4796 /* DeleteModifier.swift */; };
/* End PBXBuildFile section */

/* Begin PBXFileReference section */
		EC35E1D927DEB0FC005AF018 /* NotificationView.swift */ = {isa = PBXFileReference; lastKnownFileType = sourcecode.swift; path = NotificationView.swift; sourceTree = "<group>"; };
		EC35E1DB27DEB663005AF018 /* NotificationBannerViewModifier.swift */ = {isa = PBXFileReference; lastKnownFileType = sourcecode.swift; path = NotificationBannerViewModifier.swift; sourceTree = "<group>"; };
		EC39651E27D9AEBC00CF1D1D /* ImagePicker.swift */ = {isa = PBXFileReference; lastKnownFileType = sourcecode.swift; path = ImagePicker.swift; sourceTree = "<group>"; };
		EC39653027D9B8D900CF1D1D /* GoogleService-Info.plist */ = {isa = PBXFileReference; fileEncoding = 4; lastKnownFileType = text.plist.xml; path = "GoogleService-Info.plist"; sourceTree = "<group>"; };
		EC39653227D9BB0100CF1D1D /* AuthViewModel.swift */ = {isa = PBXFileReference; lastKnownFileType = sourcecode.swift; path = AuthViewModel.swift; sourceTree = "<group>"; };
		EC39653427D9BB9D00CF1D1D /* ResetPasswordView.swift */ = {isa = PBXFileReference; fileEncoding = 4; lastKnownFileType = sourcecode.swift; path = ResetPasswordView.swift; sourceTree = "<group>"; };
		EC39653527D9BB9D00CF1D1D /* LoginView.swift */ = {isa = PBXFileReference; fileEncoding = 4; lastKnownFileType = sourcecode.swift; path = LoginView.swift; sourceTree = "<group>"; };
		EC39653627D9BB9D00CF1D1D /* RegistrationView.swift */ = {isa = PBXFileReference; fileEncoding = 4; lastKnownFileType = sourcecode.swift; path = RegistrationView.swift; sourceTree = "<group>"; };
		EC39653A27D9BD9A00CF1D1D /* CustomTextField.swift */ = {isa = PBXFileReference; fileEncoding = 4; lastKnownFileType = sourcecode.swift; path = CustomTextField.swift; sourceTree = "<group>"; };
		EC39653B27D9BD9B00CF1D1D /* CustomSecureField.swift */ = {isa = PBXFileReference; fileEncoding = 4; lastKnownFileType = sourcecode.swift; path = CustomSecureField.swift; sourceTree = "<group>"; };
		EC39653C27D9BD9B00CF1D1D /* Constants.swift */ = {isa = PBXFileReference; fileEncoding = 4; lastKnownFileType = sourcecode.swift; path = Constants.swift; sourceTree = "<group>"; };
		EC39653D27D9BD9B00CF1D1D /* LazyView.swift */ = {isa = PBXFileReference; fileEncoding = 4; lastKnownFileType = sourcecode.swift; path = LazyView.swift; sourceTree = "<group>"; };
		EC39653E27D9BD9B00CF1D1D /* TextArea.swift */ = {isa = PBXFileReference; fileEncoding = 4; lastKnownFileType = sourcecode.swift; path = TextArea.swift; sourceTree = "<group>"; };
		EC39654427D9C3FF00CF1D1D /* ImageUploader.swift */ = {isa = PBXFileReference; lastKnownFileType = sourcecode.swift; path = ImageUploader.swift; sourceTree = "<group>"; };
		EC39654627D9D9E200CF1D1D /* User.swift */ = {isa = PBXFileReference; lastKnownFileType = sourcecode.swift; path = User.swift; sourceTree = "<group>"; };
		EC6AE2B027D9974600734783 /* SearchBar.swift */ = {isa = PBXFileReference; lastKnownFileType = sourcecode.swift; path = SearchBar.swift; sourceTree = "<group>"; };
		EC6AE2B227D9987C00734783 /* PostGridView.swift */ = {isa = PBXFileReference; lastKnownFileType = sourcecode.swift; path = PostGridView.swift; sourceTree = "<group>"; };
		EC6AE2B427D999BC00734783 /* UserCell.swift */ = {isa = PBXFileReference; lastKnownFileType = sourcecode.swift; path = UserCell.swift; sourceTree = "<group>"; };
		EC6AE2B627D999C500734783 /* UserListView.swift */ = {isa = PBXFileReference; lastKnownFileType = sourcecode.swift; path = UserListView.swift; sourceTree = "<group>"; };
		EC6AE2B827D99F6000734783 /* Extensions.swift */ = {isa = PBXFileReference; lastKnownFileType = sourcecode.swift; path = Extensions.swift; sourceTree = "<group>"; };
		EC6AE2BA27D9A11A00734783 /* NotificationCell.swift */ = {isa = PBXFileReference; lastKnownFileType = sourcecode.swift; path = NotificationCell.swift; sourceTree = "<group>"; };
		EC6AE2BC27D9A34B00734783 /* ProfileHeaderView.swift */ = {isa = PBXFileReference; lastKnownFileType = sourcecode.swift; path = ProfileHeaderView.swift; sourceTree = "<group>"; };
		EC6B47AC27D9A769001B0BE0 /* UserStatView.swift */ = {isa = PBXFileReference; lastKnownFileType = sourcecode.swift; path = UserStatView.swift; sourceTree = "<group>"; };
		EC6B47AE27D9A86A001B0BE0 /* ProfileActionButtonView.swift */ = {isa = PBXFileReference; lastKnownFileType = sourcecode.swift; path = ProfileActionButtonView.swift; sourceTree = "<group>"; };
		ECB981B927DC0B670077BCB7 /* EditProfileView.swift */ = {isa = PBXFileReference; lastKnownFileType = sourcecode.swift; path = EditProfileView.swift; sourceTree = "<group>"; };
		ECB981BB27DC211A0077BCB7 /* EditProfileViewModel.swift */ = {isa = PBXFileReference; lastKnownFileType = sourcecode.swift; path = EditProfileViewModel.swift; sourceTree = "<group>"; };
		ECB981C127DC56FA0077BCB7 /* Info.plist */ = {isa = PBXFileReference; lastKnownFileType = text.plist; path = Info.plist; sourceTree = "<group>"; };
		ECB981C527DC744A0077BCB7 /* EmailLoginView.swift */ = {isa = PBXFileReference; lastKnownFileType = sourcecode.swift; path = EmailLoginView.swift; sourceTree = "<group>"; };
		ECB981CA27DC835C0077BCB7 /* FeedCellDetail.swift */ = {isa = PBXFileReference; lastKnownFileType = sourcecode.swift; path = FeedCellDetail.swift; sourceTree = "<group>"; };
		ECD2C95527D973400083612E /* MiniInstagram.app */ = {isa = PBXFileReference; explicitFileType = wrapper.application; includeInIndex = 0; path = MiniInstagram.app; sourceTree = BUILT_PRODUCTS_DIR; };
		ECD2C95827D973400083612E /* MiniInstagramApp.swift */ = {isa = PBXFileReference; lastKnownFileType = sourcecode.swift; path = MiniInstagramApp.swift; sourceTree = "<group>"; };
		ECD2C95C27D973420083612E /* Assets.xcassets */ = {isa = PBXFileReference; lastKnownFileType = folder.assetcatalog; path = Assets.xcassets; sourceTree = "<group>"; };
		ECD2C95F27D973420083612E /* Preview Assets.xcassets */ = {isa = PBXFileReference; lastKnownFileType = folder.assetcatalog; path = "Preview Assets.xcassets"; sourceTree = "<group>"; };
		ECD2C96C27D973FC0083612E /* ContentView.swift */ = {isa = PBXFileReference; lastKnownFileType = sourcecode.swift; path = ContentView.swift; sourceTree = "<group>"; };
		ECD2C97A27D975E30083612E /* MainTabView.swift */ = {isa = PBXFileReference; lastKnownFileType = sourcecode.swift; path = MainTabView.swift; sourceTree = "<group>"; };
		ECD2C97C27D975F80083612E /* FeedView.swift */ = {isa = PBXFileReference; lastKnownFileType = sourcecode.swift; path = FeedView.swift; sourceTree = "<group>"; };
		ECD2C97E27D976150083612E /* SearchView.swift */ = {isa = PBXFileReference; lastKnownFileType = sourcecode.swift; path = SearchView.swift; sourceTree = "<group>"; };
		ECD2C98027D9761E0083612E /* NotificationsView.swift */ = {isa = PBXFileReference; lastKnownFileType = sourcecode.swift; path = NotificationsView.swift; sourceTree = "<group>"; };
		ECD2C98227D976250083612E /* ProfileView.swift */ = {isa = PBXFileReference; lastKnownFileType = sourcecode.swift; path = ProfileView.swift; sourceTree = "<group>"; };
		ECD2C98427D9762C0083612E /* UploadPostView.swift */ = {isa = PBXFileReference; lastKnownFileType = sourcecode.swift; path = UploadPostView.swift; sourceTree = "<group>"; };
		ECD2C98627D978460083612E /* FeedCell.swift */ = {isa = PBXFileReference; lastKnownFileType = sourcecode.swift; path = FeedCell.swift; sourceTree = "<group>"; };
		ECD3623A27DA64D000C89A4D /* SearchViewModel.swift */ = {isa = PBXFileReference; lastKnownFileType = sourcecode.swift; path = SearchViewModel.swift; sourceTree = "<group>"; };
		ECD3623C27DAA4F700C89A4D /* ProfileViewModel.swift */ = {isa = PBXFileReference; lastKnownFileType = sourcecode.swift; path = ProfileViewModel.swift; sourceTree = "<group>"; };
		ECD3623E27DAC73900C89A4D /* UserService.swift */ = {isa = PBXFileReference; lastKnownFileType = sourcecode.swift; path = UserService.swift; sourceTree = "<group>"; };
		ECD3624027DAEA7E00C89A4D /* UploadPostViewModel.swift */ = {isa = PBXFileReference; lastKnownFileType = sourcecode.swift; path = UploadPostViewModel.swift; sourceTree = "<group>"; };
		ECD3624227DAFDEA00C89A4D /* Post.swift */ = {isa = PBXFileReference; lastKnownFileType = sourcecode.swift; path = Post.swift; sourceTree = "<group>"; };
		ECD3624427DAFED900C89A4D /* FeedViewModel.swift */ = {isa = PBXFileReference; lastKnownFileType = sourcecode.swift; path = FeedViewModel.swift; sourceTree = "<group>"; };
		ECD3624627DB030D00C89A4D /* PostGridViewModel.swift */ = {isa = PBXFileReference; lastKnownFileType = sourcecode.swift; path = PostGridViewModel.swift; sourceTree = "<group>"; };
		ECD3624827DB103900C89A4D /* FeedCellViewModel.swift */ = {isa = PBXFileReference; lastKnownFileType = sourcecode.swift; path = FeedCellViewModel.swift; sourceTree = "<group>"; };
		ECD3624A27DB20EE00C89A4D /* Comment.swift */ = {isa = PBXFileReference; lastKnownFileType = sourcecode.swift; path = Comment.swift; sourceTree = "<group>"; };
		ECD3624C27DB210C00C89A4D /* CommentsView.swift */ = {isa = PBXFileReference; lastKnownFileType = sourcecode.swift; path = CommentsView.swift; sourceTree = "<group>"; };
		ECD3624E27DB211F00C89A4D /* CommentCell.swift */ = {isa = PBXFileReference; lastKnownFileType = sourcecode.swift; path = CommentCell.swift; sourceTree = "<group>"; };
		ECD3625027DB213A00C89A4D /* CommentViewModel.swift */ = {isa = PBXFileReference; lastKnownFileType = sourcecode.swift; path = CommentViewModel.swift; sourceTree = "<group>"; };
		ECD3625227DB242700C89A4D /* CustomInputView.swift */ = {isa = PBXFileReference; lastKnownFileType = sourcecode.swift; path = CustomInputView.swift; sourceTree = "<group>"; };
		ECD3625427DB312C00C89A4D /* Notification.swift */ = {isa = PBXFileReference; lastKnownFileType = sourcecode.swift; path = Notification.swift; sourceTree = "<group>"; };
		ECD3625627DB32AF00C89A4D /* NotificationsViewModel.swift */ = {isa = PBXFileReference; lastKnownFileType = sourcecode.swift; path = NotificationsViewModel.swift; sourceTree = "<group>"; };
		ECD3625827DB3B2000C89A4D /* NotificationCellViewModel.swift */ = {isa = PBXFileReference; lastKnownFileType = sourcecode.swift; path = NotificationCellViewModel.swift; sourceTree = "<group>"; };
		ECDEE24D27E15D94003A497B /* LoadingView.swift */ = {isa = PBXFileReference; lastKnownFileType = sourcecode.swift; path = LoadingView.swift; sourceTree = "<group>"; };
		ECDEE24F27E2F92F003A497B /* BackButtonView.swift */ = {isa = PBXFileReference; lastKnownFileType = sourcecode.swift; path = BackButtonView.swift; sourceTree = "<group>"; };
		ECDEE25127E3045D003A497B /* FollowNotificationCell.swift */ = {isa = PBXFileReference; lastKnownFileType = sourcecode.swift; path = FollowNotificationCell.swift; sourceTree = "<group>"; };
		ECDEE25327E30B8F003A497B /* ShopView.swift */ = {isa = PBXFileReference; lastKnownFileType = sourcecode.swift; path = ShopView.swift; sourceTree = "<group>"; };
		ECDEE25627E30EA5003A497B /* SettingsView.swift */ = {isa = PBXFileReference; lastKnownFileType = sourcecode.swift; path = SettingsView.swift; sourceTree = "<group>"; };
		ECDEE25827E313E3003A497B /* NavigationBarModifier.swift */ = {isa = PBXFileReference; lastKnownFileType = sourcecode.swift; path = NavigationBarModifier.swift; sourceTree = "<group>"; };
		ECDEE25C27E316FF003A497B /* ReelsView.swift */ = {isa = PBXFileReference; lastKnownFileType = sourcecode.swift; path = ReelsView.swift; sourceTree = "<group>"; };
		ECEBCD4227DD73CA001F4796 /* BottomCardView.swift */ = {isa = PBXFileReference; lastKnownFileType = sourcecode.swift; path = BottomCardView.swift; sourceTree = "<group>"; };
		ECEBCD4427DD9560001F4796 /* DeleteModifier.swift */ = {isa = PBXFileReference; lastKnownFileType = sourcecode.swift; path = DeleteModifier.swift; sourceTree = "<group>"; };
/* End PBXFileReference section */

/* Begin PBXFrameworksBuildPhase section */
		ECD2C95227D973400083612E /* Frameworks */ = {
			isa = PBXFrameworksBuildPhase;
			buildActionMask = 2147483647;
			files = (
				EC39655627D9DB2800CF1D1D /* FirebaseMessaging in Frameworks */,
				EC39654A27D9DB2800CF1D1D /* FirebaseAnalytics in Frameworks */,
				EC39655827D9DB2800CF1D1D /* FirebaseStorage in Frameworks */,
				EC39655427D9DB2800CF1D1D /* FirebaseFunctions in Frameworks */,
				EC39654E27D9DB2800CF1D1D /* FirebaseCrashlytics in Frameworks */,
				ECB981C427DC5A250077BCB7 /* GoogleSignIn in Frameworks */,
				EC39654C27D9DB2800CF1D1D /* FirebaseAuth in Frameworks */,
				EC39655227D9DB2800CF1D1D /* FirebaseFirestoreSwift-Beta in Frameworks */,
				EC39655027D9DB2800CF1D1D /* FirebaseFirestore in Frameworks */,
				EC39652F27D9B82C00CF1D1D /* Kingfisher in Frameworks */,
			);
			runOnlyForDeploymentPostprocessing = 0;
		};
/* End PBXFrameworksBuildPhase section */

/* Begin PBXGroup section */
		ECD2C94C27D973400083612E = {
			isa = PBXGroup;
			children = (
				ECD2C95727D973400083612E /* MiniInstagram */,
				ECD2C95627D973400083612E /* Products */,
			);
			sourceTree = "<group>";
		};
		ECD2C95627D973400083612E /* Products */ = {
			isa = PBXGroup;
			children = (
				ECD2C95527D973400083612E /* MiniInstagram.app */,
			);
			name = Products;
			sourceTree = "<group>";
		};
		ECD2C95727D973400083612E /* MiniInstagram */ = {
			isa = PBXGroup;
			children = (
				ECB981C127DC56FA0077BCB7 /* Info.plist */,
				ECD2C96627D973870083612E /* Model */,
				ECD2C96A27D973900083612E /* View */,
				ECD2C96927D9738F0083612E /* ViewModel */,
				ECD2C96827D9738D0083612E /* API */,
				ECD2C96727D9738C0083612E /* Utils */,
				ECD2C95827D973400083612E /* MiniInstagramApp.swift */,
				ECD2C95C27D973420083612E /* Assets.xcassets */,
				EC39653027D9B8D900CF1D1D /* GoogleService-Info.plist */,
				ECD2C95E27D973420083612E /* Preview Content */,
			);
			path = MiniInstagram;
			sourceTree = "<group>";
		};
		ECD2C95E27D973420083612E /* Preview Content */ = {
			isa = PBXGroup;
			children = (
				ECD2C95F27D973420083612E /* Preview Assets.xcassets */,
			);
			path = "Preview Content";
			sourceTree = "<group>";
		};
		ECD2C96627D973870083612E /* Model */ = {
			isa = PBXGroup;
			children = (
				EC39654627D9D9E200CF1D1D /* User.swift */,
				ECD3624227DAFDEA00C89A4D /* Post.swift */,
				ECD3624A27DB20EE00C89A4D /* Comment.swift */,
				ECD3625427DB312C00C89A4D /* Notification.swift */,
			);
			path = Model;
			sourceTree = "<group>";
		};
		ECD2C96727D9738C0083612E /* Utils */ = {
			isa = PBXGroup;
			children = (
				EC39653C27D9BD9B00CF1D1D /* Constants.swift */,
				EC39653B27D9BD9B00CF1D1D /* CustomSecureField.swift */,
				EC39653A27D9BD9A00CF1D1D /* CustomTextField.swift */,
				EC39653D27D9BD9B00CF1D1D /* LazyView.swift */,
				EC39653E27D9BD9B00CF1D1D /* TextArea.swift */,
				EC6AE2B827D99F6000734783 /* Extensions.swift */,
				EC39651E27D9AEBC00CF1D1D /* ImagePicker.swift */,
				ECEBCD4427DD9560001F4796 /* DeleteModifier.swift */,
			);
			path = Utils;
			sourceTree = "<group>";
		};
		ECD2C96827D9738D0083612E /* API */ = {
			isa = PBXGroup;
			children = (
				EC39654427D9C3FF00CF1D1D /* ImageUploader.swift */,
				ECD3623E27DAC73900C89A4D /* UserService.swift */,
			);
			path = API;
			sourceTree = "<group>";
		};
		ECD2C96927D9738F0083612E /* ViewModel */ = {
			isa = PBXGroup;
			children = (
				ECD2C97927D9755E0083612E /* Profile */,
				ECD2C97827D975580083612E /* Authentication */,
				ECD2C97727D975510083612E /* Notification */,
				ECD2C97627D9754D0083612E /* Feed */,
				ECD3623A27DA64D000C89A4D /* SearchViewModel.swift */,
				ECD3624027DAEA7E00C89A4D /* UploadPostViewModel.swift */,
				ECD3624627DB030D00C89A4D /* PostGridViewModel.swift */,
				ECD3625027DB213A00C89A4D /* CommentViewModel.swift */,
			);
			path = ViewModel;
			sourceTree = "<group>";
		};
		ECD2C96A27D973900083612E /* View */ = {
			isa = PBXGroup;
			children = (
				ECDEE25527E30E9B003A497B /* Settings */,
				ECD2C97527D9745A0083612E /* Items */,
				ECD2C97427D9744B0083612E /* Authentication */,
				ECD2C97327D974440083612E /* Notifications */,
				ECD2C97227D974400083612E /* Search */,
				ECD2C97127D974340083612E /* Comments */,
				ECD2C97027D974310083612E /* Feed */,
				ECD2C96F27D9742A0083612E /* Profile */,
				ECD2C96E27D974260083612E /* UploadPost */,
				ECD2C96B27D973F00083612E /* Main */,
				ECDEE25327E30B8F003A497B /* ShopView.swift */,
				ECDEE25C27E316FF003A497B /* ReelsView.swift */,
			);
			path = View;
			sourceTree = "<group>";
		};
		ECD2C96B27D973F00083612E /* Main */ = {
			isa = PBXGroup;
			children = (
				ECD2C96C27D973FC0083612E /* ContentView.swift */,
				ECD2C97A27D975E30083612E /* MainTabView.swift */,
			);
			path = Main;
			sourceTree = "<group>";
		};
		ECD2C96E27D974260083612E /* UploadPost */ = {
			isa = PBXGroup;
			children = (
				ECD2C98427D9762C0083612E /* UploadPostView.swift */,
			);
			path = UploadPost;
			sourceTree = "<group>";
		};
		ECD2C96F27D9742A0083612E /* Profile */ = {
			isa = PBXGroup;
			children = (
				ECD2C98227D976250083612E /* ProfileView.swift */,
				EC6AE2BC27D9A34B00734783 /* ProfileHeaderView.swift */,
				EC6B47AC27D9A769001B0BE0 /* UserStatView.swift */,
				EC6B47AE27D9A86A001B0BE0 /* ProfileActionButtonView.swift */,
				ECB981B927DC0B670077BCB7 /* EditProfileView.swift */,
			);
			path = Profile;
			sourceTree = "<group>";
		};
		ECD2C97027D974310083612E /* Feed */ = {
			isa = PBXGroup;
			children = (
				ECD2C97C27D975F80083612E /* FeedView.swift */,
				ECD2C98627D978460083612E /* FeedCell.swift */,
				ECB981CA27DC835C0077BCB7 /* FeedCellDetail.swift */,
			);
			path = Feed;
			sourceTree = "<group>";
		};
		ECD2C97127D974340083612E /* Comments */ = {
			isa = PBXGroup;
			children = (
				ECD3624C27DB210C00C89A4D /* CommentsView.swift */,
				ECD3624E27DB211F00C89A4D /* CommentCell.swift */,
			);
			path = Comments;
			sourceTree = "<group>";
		};
		ECD2C97227D974400083612E /* Search */ = {
			isa = PBXGroup;
			children = (
				ECD2C97E27D976150083612E /* SearchView.swift */,
				EC6AE2B027D9974600734783 /* SearchBar.swift */,
			);
			path = Search;
			sourceTree = "<group>";
		};
		ECD2C97327D974440083612E /* Notifications */ = {
			isa = PBXGroup;
			children = (
				ECD2C98027D9761E0083612E /* NotificationsView.swift */,
				EC6AE2BA27D9A11A00734783 /* NotificationCell.swift */,
				ECDEE25127E3045D003A497B /* FollowNotificationCell.swift */,
			);
			path = Notifications;
			sourceTree = "<group>";
		};
		ECD2C97427D9744B0083612E /* Authentication */ = {
			isa = PBXGroup;
			children = (
				EC39653527D9BB9D00CF1D1D /* LoginView.swift */,
				EC39653627D9BB9D00CF1D1D /* RegistrationView.swift */,
				EC39653427D9BB9D00CF1D1D /* ResetPasswordView.swift */,
				ECB981C527DC744A0077BCB7 /* EmailLoginView.swift */,
			);
			path = Authentication;
			sourceTree = "<group>";
		};
		ECD2C97527D9745A0083612E /* Items */ = {
			isa = PBXGroup;
			children = (
				EC6AE2B227D9987C00734783 /* PostGridView.swift */,
				EC6AE2B427D999BC00734783 /* UserCell.swift */,
				EC6AE2B627D999C500734783 /* UserListView.swift */,
				ECD3625227DB242700C89A4D /* CustomInputView.swift */,
				ECEBCD4227DD73CA001F4796 /* BottomCardView.swift */,
				EC35E1D927DEB0FC005AF018 /* NotificationView.swift */,
				EC35E1DB27DEB663005AF018 /* NotificationBannerViewModifier.swift */,
				ECDEE24D27E15D94003A497B /* LoadingView.swift */,
				ECDEE24F27E2F92F003A497B /* BackButtonView.swift */,
				ECDEE25827E313E3003A497B /* NavigationBarModifier.swift */,
			);
			path = Items;
			sourceTree = "<group>";
		};
		ECD2C97627D9754D0083612E /* Feed */ = {
			isa = PBXGroup;
			children = (
				ECD3624427DAFED900C89A4D /* FeedViewModel.swift */,
				ECD3624827DB103900C89A4D /* FeedCellViewModel.swift */,
			);
			path = Feed;
			sourceTree = "<group>";
		};
		ECD2C97727D975510083612E /* Notification */ = {
			isa = PBXGroup;
			children = (
				ECD3625627DB32AF00C89A4D /* NotificationsViewModel.swift */,
				ECD3625827DB3B2000C89A4D /* NotificationCellViewModel.swift */,
			);
			path = Notification;
			sourceTree = "<group>";
		};
		ECD2C97827D975580083612E /* Authentication */ = {
			isa = PBXGroup;
			children = (
				EC39653227D9BB0100CF1D1D /* AuthViewModel.swift */,
			);
			path = Authentication;
			sourceTree = "<group>";
		};
		ECD2C97927D9755E0083612E /* Profile */ = {
			isa = PBXGroup;
			children = (
				ECD3623C27DAA4F700C89A4D /* ProfileViewModel.swift */,
				ECB981BB27DC211A0077BCB7 /* EditProfileViewModel.swift */,
			);
			path = Profile;
			sourceTree = "<group>";
		};
		ECDEE25527E30E9B003A497B /* Settings */ = {
			isa = PBXGroup;
			children = (
				ECDEE25627E30EA5003A497B /* SettingsView.swift */,
			);
			path = Settings;
			sourceTree = "<group>";
		};
/* End PBXGroup section */

/* Begin PBXNativeTarget section */
		ECD2C95427D973400083612E /* MiniInstagram */ = {
			isa = PBXNativeTarget;
			buildConfigurationList = ECD2C96327D973420083612E /* Build configuration list for PBXNativeTarget "MiniInstagram" */;
			buildPhases = (
				ECD2C95127D973400083612E /* Sources */,
				ECD2C95227D973400083612E /* Frameworks */,
				ECD2C95327D973400083612E /* Resources */,
			);
			buildRules = (
			);
			dependencies = (
			);
			name = MiniInstagram;
			packageProductDependencies = (
				EC39652E27D9B82C00CF1D1D /* Kingfisher */,
				EC39654927D9DB2800CF1D1D /* FirebaseAnalytics */,
				EC39654B27D9DB2800CF1D1D /* FirebaseAuth */,
				EC39654D27D9DB2800CF1D1D /* FirebaseCrashlytics */,
				EC39654F27D9DB2800CF1D1D /* FirebaseFirestore */,
				EC39655127D9DB2800CF1D1D /* FirebaseFirestoreSwift-Beta */,
				EC39655327D9DB2800CF1D1D /* FirebaseFunctions */,
				EC39655527D9DB2800CF1D1D /* FirebaseMessaging */,
				EC39655727D9DB2800CF1D1D /* FirebaseStorage */,
				ECB981C327DC5A250077BCB7 /* GoogleSignIn */,
			);
			productName = MiniInstagram;
			productReference = ECD2C95527D973400083612E /* MiniInstagram.app */;
			productType = "com.apple.product-type.application";
		};
/* End PBXNativeTarget section */

/* Begin PBXProject section */
		ECD2C94D27D973400083612E /* Project object */ = {
			isa = PBXProject;
			attributes = {
				BuildIndependentTargetsInParallel = 1;
				LastSwiftUpdateCheck = 1320;
				LastUpgradeCheck = 1320;
				TargetAttributes = {
					ECD2C95427D973400083612E = {
						CreatedOnToolsVersion = 13.2.1;
					};
				};
			};
			buildConfigurationList = ECD2C95027D973400083612E /* Build configuration list for PBXProject "MiniInstagram" */;
			compatibilityVersion = "Xcode 13.0";
			developmentRegion = en;
			hasScannedForEncodings = 0;
			knownRegions = (
				en,
				Base,
			);
			mainGroup = ECD2C94C27D973400083612E;
			packageReferences = (
				EC39652D27D9B82C00CF1D1D /* XCRemoteSwiftPackageReference "Kingfisher" */,
				EC39654827D9DB2800CF1D1D /* XCRemoteSwiftPackageReference "firebase-ios-sdk" */,
				ECB981C227DC5A250077BCB7 /* XCRemoteSwiftPackageReference "GoogleSignIn-iOS" */,
			);
			productRefGroup = ECD2C95627D973400083612E /* Products */;
			projectDirPath = "";
			projectRoot = "";
			targets = (
				ECD2C95427D973400083612E /* MiniInstagram */,
			);
		};
/* End PBXProject section */

/* Begin PBXResourcesBuildPhase section */
		ECD2C95327D973400083612E /* Resources */ = {
			isa = PBXResourcesBuildPhase;
			buildActionMask = 2147483647;
			files = (
				ECD2C96027D973420083612E /* Preview Assets.xcassets in Resources */,
				ECD2C95D27D973420083612E /* Assets.xcassets in Resources */,
				EC39653127D9B8D900CF1D1D /* GoogleService-Info.plist in Resources */,
			);
			runOnlyForDeploymentPostprocessing = 0;
		};
/* End PBXResourcesBuildPhase section */

/* Begin PBXSourcesBuildPhase section */
		ECD2C95127D973400083612E /* Sources */ = {
			isa = PBXSourcesBuildPhase;
			buildActionMask = 2147483647;
			files = (
				ECD3624727DB030D00C89A4D /* PostGridViewModel.swift in Sources */,
				EC39653327D9BB0100CF1D1D /* AuthViewModel.swift in Sources */,
				ECD2C97F27D976150083612E /* SearchView.swift in Sources */,
				ECDEE24E27E15D95003A497B /* LoadingView.swift in Sources */,
				EC39653927D9BB9D00CF1D1D /* RegistrationView.swift in Sources */,
				ECD2C97D27D975F80083612E /* FeedView.swift in Sources */,
				ECD3625727DB32AF00C89A4D /* NotificationsViewModel.swift in Sources */,
				ECDEE25D27E316FF003A497B /* ReelsView.swift in Sources */,
				EC39653727D9BB9D00CF1D1D /* ResetPasswordView.swift in Sources */,
				ECB981C627DC744A0077BCB7 /* EmailLoginView.swift in Sources */,
				EC6AE2B327D9987C00734783 /* PostGridView.swift in Sources */,
				EC39654227D9BD9B00CF1D1D /* LazyView.swift in Sources */,
				ECD3625527DB312C00C89A4D /* Notification.swift in Sources */,
				ECD2C96D27D973FC0083612E /* ContentView.swift in Sources */,
				EC39654727D9D9E200CF1D1D /* User.swift in Sources */,
				EC39654127D9BD9B00CF1D1D /* Constants.swift in Sources */,
				ECDEE25027E2F92F003A497B /* BackButtonView.swift in Sources */,
				ECD2C95927D973400083612E /* MiniInstagramApp.swift in Sources */,
				ECD3625127DB213A00C89A4D /* CommentViewModel.swift in Sources */,
				EC35E1DA27DEB0FC005AF018 /* NotificationView.swift in Sources */,
				ECD2C97B27D975E30083612E /* MainTabView.swift in Sources */,
				EC39653827D9BB9D00CF1D1D /* LoginView.swift in Sources */,
				ECD2C98527D9762C0083612E /* UploadPostView.swift in Sources */,
				ECDEE25227E3045D003A497B /* FollowNotificationCell.swift in Sources */,
				ECEBCD4327DD73CA001F4796 /* BottomCardView.swift in Sources */,
				ECB981BA27DC0B670077BCB7 /* EditProfileView.swift in Sources */,
				ECB981CB27DC835C0077BCB7 /* FeedCellDetail.swift in Sources */,
				ECD3624F27DB211F00C89A4D /* CommentCell.swift in Sources */,
				ECD3623D27DAA4F700C89A4D /* ProfileViewModel.swift in Sources */,
				EC39651F27D9AEBC00CF1D1D /* ImagePicker.swift in Sources */,
				ECD3625327DB242700C89A4D /* CustomInputView.swift in Sources */,
				EC6AE2BD27D9A34B00734783 /* ProfileHeaderView.swift in Sources */,
				ECB981BC27DC211A0077BCB7 /* EditProfileViewModel.swift in Sources */,
				ECD3623F27DAC73900C89A4D /* UserService.swift in Sources */,
				ECEBCD4527DD9560001F4796 /* DeleteModifier.swift in Sources */,
				EC39654327D9BD9B00CF1D1D /* TextArea.swift in Sources */,
				ECD3624327DAFDEA00C89A4D /* Post.swift in Sources */,
				ECDEE25427E30B8F003A497B /* ShopView.swift in Sources */,
				ECD2C98327D976250083612E /* ProfileView.swift in Sources */,
				ECD3624D27DB210C00C89A4D /* CommentsView.swift in Sources */,
				EC6B47AD27D9A769001B0BE0 /* UserStatView.swift in Sources */,
				ECD3625927DB3B2000C89A4D /* NotificationCellViewModel.swift in Sources */,
				EC6AE2B527D999BC00734783 /* UserCell.swift in Sources */,
				ECDEE25727E30EA5003A497B /* SettingsView.swift in Sources */,
				EC35E1DC27DEB663005AF018 /* NotificationBannerViewModifier.swift in Sources */,
				EC6AE2B127D9974600734783 /* SearchBar.swift in Sources */,
				ECD2C98127D9761E0083612E /* NotificationsView.swift in Sources */,
				ECD2C98727D978460083612E /* FeedCell.swift in Sources */,
				ECD3624527DAFED900C89A4D /* FeedViewModel.swift in Sources */,
				ECD3624927DB103900C89A4D /* FeedCellViewModel.swift in Sources */,
				EC6B47AF27D9A86A001B0BE0 /* ProfileActionButtonView.swift in Sources */,
				ECDEE25927E313E3003A497B /* NavigationBarModifier.swift in Sources */,
				ECD3623B27DA64D000C89A4D /* SearchViewModel.swift in Sources */,
				ECD3624127DAEA7E00C89A4D /* UploadPostViewModel.swift in Sources */,
				EC39653F27D9BD9B00CF1D1D /* CustomTextField.swift in Sources */,
				EC6AE2B727D999C500734783 /* UserListView.swift in Sources */,
				ECD3624B27DB20EE00C89A4D /* Comment.swift in Sources */,
				EC39654027D9BD9B00CF1D1D /* CustomSecureField.swift in Sources */,
				EC6AE2BB27D9A11A00734783 /* NotificationCell.swift in Sources */,
				EC6AE2B927D99F6000734783 /* Extensions.swift in Sources */,
				EC39654527D9C3FF00CF1D1D /* ImageUploader.swift in Sources */,
			);
			runOnlyForDeploymentPostprocessing = 0;
		};
/* End PBXSourcesBuildPhase section */

/* Begin XCBuildConfiguration section */
		ECD2C96127D973420083612E /* Debug */ = {
			isa = XCBuildConfiguration;
			buildSettings = {
				ALWAYS_SEARCH_USER_PATHS = NO;
				CLANG_ANALYZER_NONNULL = YES;
				CLANG_ANALYZER_NUMBER_OBJECT_CONVERSION = YES_AGGRESSIVE;
				CLANG_CXX_LANGUAGE_STANDARD = "gnu++17";
				CLANG_CXX_LIBRARY = "libc++";
				CLANG_ENABLE_MODULES = YES;
				CLANG_ENABLE_OBJC_ARC = YES;
				CLANG_ENABLE_OBJC_WEAK = YES;
				CLANG_WARN_BLOCK_CAPTURE_AUTORELEASING = YES;
				CLANG_WARN_BOOL_CONVERSION = YES;
				CLANG_WARN_COMMA = YES;
				CLANG_WARN_CONSTANT_CONVERSION = YES;
				CLANG_WARN_DEPRECATED_OBJC_IMPLEMENTATIONS = YES;
				CLANG_WARN_DIRECT_OBJC_ISA_USAGE = YES_ERROR;
				CLANG_WARN_DOCUMENTATION_COMMENTS = YES;
				CLANG_WARN_EMPTY_BODY = YES;
				CLANG_WARN_ENUM_CONVERSION = YES;
				CLANG_WARN_INFINITE_RECURSION = YES;
				CLANG_WARN_INT_CONVERSION = YES;
				CLANG_WARN_NON_LITERAL_NULL_CONVERSION = YES;
				CLANG_WARN_OBJC_IMPLICIT_RETAIN_SELF = YES;
				CLANG_WARN_OBJC_LITERAL_CONVERSION = YES;
				CLANG_WARN_OBJC_ROOT_CLASS = YES_ERROR;
				CLANG_WARN_QUOTED_INCLUDE_IN_FRAMEWORK_HEADER = YES;
				CLANG_WARN_RANGE_LOOP_ANALYSIS = YES;
				CLANG_WARN_STRICT_PROTOTYPES = YES;
				CLANG_WARN_SUSPICIOUS_MOVE = YES;
				CLANG_WARN_UNGUARDED_AVAILABILITY = YES_AGGRESSIVE;
				CLANG_WARN_UNREACHABLE_CODE = YES;
				CLANG_WARN__DUPLICATE_METHOD_MATCH = YES;
				COPY_PHASE_STRIP = NO;
				DEBUG_INFORMATION_FORMAT = dwarf;
				ENABLE_STRICT_OBJC_MSGSEND = YES;
				ENABLE_TESTABILITY = YES;
				GCC_C_LANGUAGE_STANDARD = gnu11;
				GCC_DYNAMIC_NO_PIC = NO;
				GCC_NO_COMMON_BLOCKS = YES;
				GCC_OPTIMIZATION_LEVEL = 0;
				GCC_PREPROCESSOR_DEFINITIONS = (
					"DEBUG=1",
					"$(inherited)",
				);
				GCC_WARN_64_TO_32_BIT_CONVERSION = YES;
				GCC_WARN_ABOUT_RETURN_TYPE = YES_ERROR;
				GCC_WARN_UNDECLARED_SELECTOR = YES;
				GCC_WARN_UNINITIALIZED_AUTOS = YES_AGGRESSIVE;
				GCC_WARN_UNUSED_FUNCTION = YES;
				GCC_WARN_UNUSED_VARIABLE = YES;
				IPHONEOS_DEPLOYMENT_TARGET = 15.2;
				MTL_ENABLE_DEBUG_INFO = INCLUDE_SOURCE;
				MTL_FAST_MATH = YES;
				ONLY_ACTIVE_ARCH = YES;
				SDKROOT = iphoneos;
				SWIFT_ACTIVE_COMPILATION_CONDITIONS = DEBUG;
				SWIFT_OPTIMIZATION_LEVEL = "-Onone";
			};
			name = Debug;
		};
		ECD2C96227D973420083612E /* Release */ = {
			isa = XCBuildConfiguration;
			buildSettings = {
				ALWAYS_SEARCH_USER_PATHS = NO;
				CLANG_ANALYZER_NONNULL = YES;
				CLANG_ANALYZER_NUMBER_OBJECT_CONVERSION = YES_AGGRESSIVE;
				CLANG_CXX_LANGUAGE_STANDARD = "gnu++17";
				CLANG_CXX_LIBRARY = "libc++";
				CLANG_ENABLE_MODULES = YES;
				CLANG_ENABLE_OBJC_ARC = YES;
				CLANG_ENABLE_OBJC_WEAK = YES;
				CLANG_WARN_BLOCK_CAPTURE_AUTORELEASING = YES;
				CLANG_WARN_BOOL_CONVERSION = YES;
				CLANG_WARN_COMMA = YES;
				CLANG_WARN_CONSTANT_CONVERSION = YES;
				CLANG_WARN_DEPRECATED_OBJC_IMPLEMENTATIONS = YES;
				CLANG_WARN_DIRECT_OBJC_ISA_USAGE = YES_ERROR;
				CLANG_WARN_DOCUMENTATION_COMMENTS = YES;
				CLANG_WARN_EMPTY_BODY = YES;
				CLANG_WARN_ENUM_CONVERSION = YES;
				CLANG_WARN_INFINITE_RECURSION = YES;
				CLANG_WARN_INT_CONVERSION = YES;
				CLANG_WARN_NON_LITERAL_NULL_CONVERSION = YES;
				CLANG_WARN_OBJC_IMPLICIT_RETAIN_SELF = YES;
				CLANG_WARN_OBJC_LITERAL_CONVERSION = YES;
				CLANG_WARN_OBJC_ROOT_CLASS = YES_ERROR;
				CLANG_WARN_QUOTED_INCLUDE_IN_FRAMEWORK_HEADER = YES;
				CLANG_WARN_RANGE_LOOP_ANALYSIS = YES;
				CLANG_WARN_STRICT_PROTOTYPES = YES;
				CLANG_WARN_SUSPICIOUS_MOVE = YES;
				CLANG_WARN_UNGUARDED_AVAILABILITY = YES_AGGRESSIVE;
				CLANG_WARN_UNREACHABLE_CODE = YES;
				CLANG_WARN__DUPLICATE_METHOD_MATCH = YES;
				COPY_PHASE_STRIP = NO;
				DEBUG_INFORMATION_FORMAT = "dwarf-with-dsym";
				ENABLE_NS_ASSERTIONS = NO;
				ENABLE_STRICT_OBJC_MSGSEND = YES;
				GCC_C_LANGUAGE_STANDARD = gnu11;
				GCC_NO_COMMON_BLOCKS = YES;
				GCC_WARN_64_TO_32_BIT_CONVERSION = YES;
				GCC_WARN_ABOUT_RETURN_TYPE = YES_ERROR;
				GCC_WARN_UNDECLARED_SELECTOR = YES;
				GCC_WARN_UNINITIALIZED_AUTOS = YES_AGGRESSIVE;
				GCC_WARN_UNUSED_FUNCTION = YES;
				GCC_WARN_UNUSED_VARIABLE = YES;
				IPHONEOS_DEPLOYMENT_TARGET = 15.2;
				MTL_ENABLE_DEBUG_INFO = NO;
				MTL_FAST_MATH = YES;
				SDKROOT = iphoneos;
				SWIFT_COMPILATION_MODE = wholemodule;
				SWIFT_OPTIMIZATION_LEVEL = "-O";
				VALIDATE_PRODUCT = YES;
			};
			name = Release;
		};
		ECD2C96427D973420083612E /* Debug */ = {
			isa = XCBuildConfiguration;
			buildSettings = {
				ASSETCATALOG_COMPILER_APPICON_NAME = AppIcon;
				ASSETCATALOG_COMPILER_GLOBAL_ACCENT_COLOR_NAME = AccentColor;
				CODE_SIGN_STYLE = Automatic;
				CURRENT_PROJECT_VERSION = 1;
				DEVELOPMENT_ASSET_PATHS = "\"MiniInstagram/Preview Content\"";
				DEVELOPMENT_TEAM = G3P4L7GVWA;
				ENABLE_PREVIEWS = YES;
				GENERATE_INFOPLIST_FILE = YES;
				INFOPLIST_FILE = MiniInstagram/Info.plist;
				INFOPLIST_KEY_UIApplicationSceneManifest_Generation = YES;
				INFOPLIST_KEY_UIApplicationSupportsIndirectInputEvents = YES;
				INFOPLIST_KEY_UILaunchScreen_Generation = YES;
				INFOPLIST_KEY_UISupportedInterfaceOrientations = UIInterfaceOrientationPortrait;
				INFOPLIST_KEY_UISupportedInterfaceOrientations_iPad = "UIInterfaceOrientationPortrait UIInterfaceOrientationPortraitUpsideDown UIInterfaceOrientationLandscapeLeft UIInterfaceOrientationLandscapeRight";
				INFOPLIST_KEY_UISupportedInterfaceOrientations_iPhone = UIInterfaceOrientationPortrait;
				IPHONEOS_DEPLOYMENT_TARGET = 14.0;
				LD_RUNPATH_SEARCH_PATHS = (
					"$(inherited)",
					"@executable_path/Frameworks",
				);
				MARKETING_VERSION = 1.0;
				PRODUCT_BUNDLE_IDENTIFIER = com.myiosapps.MiniInstagram;
				PRODUCT_NAME = "$(TARGET_NAME)";
				SWIFT_EMIT_LOC_STRINGS = YES;
				SWIFT_VERSION = 5.0;
				TARGETED_DEVICE_FAMILY = 1;
			};
			name = Debug;
		};
		ECD2C96527D973420083612E /* Release */ = {
			isa = XCBuildConfiguration;
			buildSettings = {
				ASSETCATALOG_COMPILER_APPICON_NAME = AppIcon;
				ASSETCATALOG_COMPILER_GLOBAL_ACCENT_COLOR_NAME = AccentColor;
				CODE_SIGN_STYLE = Automatic;
				CURRENT_PROJECT_VERSION = 1;
				DEVELOPMENT_ASSET_PATHS = "\"MiniInstagram/Preview Content\"";
				DEVELOPMENT_TEAM = G3P4L7GVWA;
				ENABLE_PREVIEWS = YES;
				GENERATE_INFOPLIST_FILE = YES;
				INFOPLIST_FILE = MiniInstagram/Info.plist;
				INFOPLIST_KEY_UIApplicationSceneManifest_Generation = YES;
				INFOPLIST_KEY_UIApplicationSupportsIndirectInputEvents = YES;
				INFOPLIST_KEY_UILaunchScreen_Generation = YES;
				INFOPLIST_KEY_UISupportedInterfaceOrientations = UIInterfaceOrientationPortrait;
				INFOPLIST_KEY_UISupportedInterfaceOrientations_iPad = "UIInterfaceOrientationPortrait UIInterfaceOrientationPortraitUpsideDown UIInterfaceOrientationLandscapeLeft UIInterfaceOrientationLandscapeRight";
				INFOPLIST_KEY_UISupportedInterfaceOrientations_iPhone = UIInterfaceOrientationPortrait;
				IPHONEOS_DEPLOYMENT_TARGET = 14.0;
				LD_RUNPATH_SEARCH_PATHS = (
					"$(inherited)",
					"@executable_path/Frameworks",
				);
				MARKETING_VERSION = 1.0;
				PRODUCT_BUNDLE_IDENTIFIER = com.myiosapps.MiniInstagram;
				PRODUCT_NAME = "$(TARGET_NAME)";
				SWIFT_EMIT_LOC_STRINGS = YES;
				SWIFT_VERSION = 5.0;
				TARGETED_DEVICE_FAMILY = 1;
			};
			name = Release;
		};
/* End XCBuildConfiguration section */

/* Begin XCConfigurationList section */
		ECD2C95027D973400083612E /* Build configuration list for PBXProject "MiniInstagram" */ = {
			isa = XCConfigurationList;
			buildConfigurations = (
				ECD2C96127D973420083612E /* Debug */,
				ECD2C96227D973420083612E /* Release */,
			);
			defaultConfigurationIsVisible = 0;
			defaultConfigurationName = Release;
		};
		ECD2C96327D973420083612E /* Build configuration list for PBXNativeTarget "MiniInstagram" */ = {
			isa = XCConfigurationList;
			buildConfigurations = (
				ECD2C96427D973420083612E /* Debug */,
				ECD2C96527D973420083612E /* Release */,
			);
			defaultConfigurationIsVisible = 0;
			defaultConfigurationName = Release;
		};
/* End XCConfigurationList section */

/* Begin XCRemoteSwiftPackageReference section */
		EC39652D27D9B82C00CF1D1D /* XCRemoteSwiftPackageReference "Kingfisher" */ = {
			isa = XCRemoteSwiftPackageReference;
			repositoryURL = "https://github.com/onevcat/Kingfisher";
			requirement = {
				kind = upToNextMajorVersion;
				minimumVersion = 7.0.0;
			};
		};
		EC39654827D9DB2800CF1D1D /* XCRemoteSwiftPackageReference "firebase-ios-sdk" */ = {
			isa = XCRemoteSwiftPackageReference;
			repositoryURL = "https://github.com/firebase/firebase-ios-sdk.git";
			requirement = {
				kind = upToNextMajorVersion;
				minimumVersion = 8.0.0;
			};
		};
		ECB981C227DC5A250077BCB7 /* XCRemoteSwiftPackageReference "GoogleSignIn-iOS" */ = {
			isa = XCRemoteSwiftPackageReference;
			repositoryURL = "https://github.com/google/GoogleSignIn-iOS.git";
			requirement = {
				kind = upToNextMajorVersion;
				minimumVersion = 6.0.0;
			};
		};
/* End XCRemoteSwiftPackageReference section */

/* Begin XCSwiftPackageProductDependency section */
		EC39652E27D9B82C00CF1D1D /* Kingfisher */ = {
			isa = XCSwiftPackageProductDependency;
			package = EC39652D27D9B82C00CF1D1D /* XCRemoteSwiftPackageReference "Kingfisher" */;
			productName = Kingfisher;
		};
		EC39654927D9DB2800CF1D1D /* FirebaseAnalytics */ = {
			isa = XCSwiftPackageProductDependency;
			package = EC39654827D9DB2800CF1D1D /* XCRemoteSwiftPackageReference "firebase-ios-sdk" */;
			productName = FirebaseAnalytics;
		};
		EC39654B27D9DB2800CF1D1D /* FirebaseAuth */ = {
			isa = XCSwiftPackageProductDependency;
			package = EC39654827D9DB2800CF1D1D /* XCRemoteSwiftPackageReference "firebase-ios-sdk" */;
			productName = FirebaseAuth;
		};
		EC39654D27D9DB2800CF1D1D /* FirebaseCrashlytics */ = {
			isa = XCSwiftPackageProductDependency;
			package = EC39654827D9DB2800CF1D1D /* XCRemoteSwiftPackageReference "firebase-ios-sdk" */;
			productName = FirebaseCrashlytics;
		};
		EC39654F27D9DB2800CF1D1D /* FirebaseFirestore */ = {
			isa = XCSwiftPackageProductDependency;
			package = EC39654827D9DB2800CF1D1D /* XCRemoteSwiftPackageReference "firebase-ios-sdk" */;
			productName = FirebaseFirestore;
		};
		EC39655127D9DB2800CF1D1D /* FirebaseFirestoreSwift-Beta */ = {
			isa = XCSwiftPackageProductDependency;
			package = EC39654827D9DB2800CF1D1D /* XCRemoteSwiftPackageReference "firebase-ios-sdk" */;
			productName = "FirebaseFirestoreSwift-Beta";
		};
		EC39655327D9DB2800CF1D1D /* FirebaseFunctions */ = {
			isa = XCSwiftPackageProductDependency;
			package = EC39654827D9DB2800CF1D1D /* XCRemoteSwiftPackageReference "firebase-ios-sdk" */;
			productName = FirebaseFunctions;
		};
		EC39655527D9DB2800CF1D1D /* FirebaseMessaging */ = {
			isa = XCSwiftPackageProductDependency;
			package = EC39654827D9DB2800CF1D1D /* XCRemoteSwiftPackageReference "firebase-ios-sdk" */;
			productName = FirebaseMessaging;
		};
		EC39655727D9DB2800CF1D1D /* FirebaseStorage */ = {
			isa = XCSwiftPackageProductDependency;
			package = EC39654827D9DB2800CF1D1D /* XCRemoteSwiftPackageReference "firebase-ios-sdk" */;
			productName = FirebaseStorage;
		};
		ECB981C327DC5A250077BCB7 /* GoogleSignIn */ = {
			isa = XCSwiftPackageProductDependency;
			package = ECB981C227DC5A250077BCB7 /* XCRemoteSwiftPackageReference "GoogleSignIn-iOS" */;
			productName = GoogleSignIn;
		};
/* End XCSwiftPackageProductDependency section */
	};
	rootObject = ECD2C94D27D973400083612E /* Project object */;
}
